
Microsoft Visual Studio Solution File, Format Version 12.00
# Visual Studio 15
VisualStudioVersion = 15.0.28307.779
MinimumVisualStudioVersion = 10.0.40219.1
Project("{FAE04EC0-301F-11D3-BF4B-00C04F79EFBC}") = "DsAAlgo.UI", "DsAAlgo.UI\DsAAlgo.UI.csproj", "{2268BDDE-D347-4555-8055-A4DED3181077}"
EndProject
Project("{FAE04EC0-301F-11D3-BF4B-00C04F79EFBC}") = "DsAAlgo.Domain", "DsAAlgo.Domain\DsAAlgo.Domain.csproj", "{28C48ACB-3B0E-4085-A30C-20D8B2D53B10}"
EndProject
Global
	GlobalSection(SolutionConfigurationPlatforms) = preSolution
		Debug|Any CPU = Debug|Any CPU
		Release|Any CPU = Release|Any CPU
	EndGlobalSection
	GlobalSection(ProjectConfigurationPlatforms) = postSolution
		{2268BDDE-D347-4555-8055-A4DED3181077}.Debug|Any CPU.ActiveCfg = Debug|Any CPU
		{2268BDDE-D347-4555-8055-A4DED3181077}.Debug|Any CPU.Build.0 = Debug|Any CPU
		{2268BDDE-D347-4555-8055-A4DED3181077}.Release|Any CPU.ActiveCfg = Release|Any CPU
		{2268BDDE-D347-4555-8055-A4DED3181077}.Release|Any CPU.Build.0 = Release|Any CPU
		{28C48ACB-3B0E-4085-A30C-20D8B2D53B10}.Debug|Any CPU.ActiveCfg = Debug|Any CPU
		{28C48ACB-3B0E-4085-A30C-20D8B2D53B10}.Debug|Any CPU.Build.0 = Debug|Any CPU
		{28C48ACB-3B0E-4085-A30C-20D8B2D53B10}.Release|Any CPU.ActiveCfg = Release|Any CPU
		{28C48ACB-3B0E-4085-A30C-20D8B2D53B10}.Release|Any CPU.Build.0 = Release|Any CPU
	EndGlobalSection
	GlobalSection(SolutionProperties) = preSolution
		HideSolutionNode = FALSE
	EndGlobalSection
	GlobalSection(ExtensibilityGlobals) = postSolution
		SolutionGuid = {39E447E2-4F95-43CC-994E-11443CC9600A}
	EndGlobalSection
EndGlobal
